
Microsoft Visual Studio Solution File, Format Version 12.00
# Visual Studio Version 17
VisualStudioVersion = 17.9.34728.123
MinimumVisualStudioVersion = 10.0.40219.1
Project("{9A19103F-16F7-4668-BE54-9A1E7A4F7556}") = "task4", "task4.csproj", "{4B8CFF88-997C-4AF2-A7E7-FBEE48D5230B}"
EndProject
Project("{FAE04EC0-301F-11D3-BF4B-00C04F79EFBC}") = "FlyingMachineLib", "..\FlyingMachineLib\FlyingMachineLib.csproj", "{2D03F252-FC00-419B-9DFD-42776C951D59}"
EndProject
Global
	GlobalSection(SolutionConfigurationPlatforms) = preSolution
		Debug|Any CPU = Debug|Any CPU
		Release|Any CPU = Release|Any CPU
	EndGlobalSection
	GlobalSection(ProjectConfigurationPlatforms) = postSolution
		{4B8CFF88-997C-4AF2-A7E7-FBEE48D5230B}.Debug|Any CPU.ActiveCfg = Debug|Any CPU
		{4B8CFF88-997C-4AF2-A7E7-FBEE48D5230B}.Debug|Any CPU.Build.0 = Debug|Any CPU
		{4B8CFF88-997C-4AF2-A7E7-FBEE48D5230B}.Release|Any CPU.ActiveCfg = Release|Any CPU
		{4B8CFF88-997C-4AF2-A7E7-FBEE48D5230B}.Release|Any CPU.Build.0 = Release|Any CPU
		{2D03F252-FC00-419B-9DFD-42776C951D59}.Debug|Any CPU.ActiveCfg = Debug|Any CPU
		{2D03F252-FC00-419B-9DFD-42776C951D59}.Debug|Any CPU.Build.0 = Debug|Any CPU
		{2D03F252-FC00-419B-9DFD-42776C951D59}.Release|Any CPU.ActiveCfg = Release|Any CPU
		{2D03F252-FC00-419B-9DFD-42776C951D59}.Release|Any CPU.Build.0 = Release|Any CPU
	EndGlobalSection
	GlobalSection(SolutionProperties) = preSolution
		HideSolutionNode = FALSE
	EndGlobalSection
	GlobalSection(ExtensibilityGlobals) = postSolution
		SolutionGuid = {F21BECBE-6780-46A6-AD1D-C0E0EC2B60EC}
	EndGlobalSection
EndGlobal
