
Microsoft Visual Studio Solution File, Format Version 12.00
# Visual Studio Version 17
VisualStudioVersion = 17.9.34728.123
MinimumVisualStudioVersion = 10.0.40219.1
Project("{FAE04EC0-301F-11D3-BF4B-00C04F79EFBC}") = "task1", "task1.csproj", "{97DD88DA-8E09-42FC-BA54-505D9FF58FD0}"
EndProject
Global
	GlobalSection(SolutionConfigurationPlatforms) = preSolution
		Debug|Any CPU = Debug|Any CPU
		Release|Any CPU = Release|Any CPU
	EndGlobalSection
	GlobalSection(ProjectConfigurationPlatforms) = postSolution
		{97DD88DA-8E09-42FC-BA54-505D9FF58FD0}.Debug|Any CPU.ActiveCfg = Debug|Any CPU
		{97DD88DA-8E09-42FC-BA54-505D9FF58FD0}.Debug|Any CPU.Build.0 = Debug|Any CPU
		{97DD88DA-8E09-42FC-BA54-505D9FF58FD0}.Release|Any CPU.ActiveCfg = Release|Any CPU
		{97DD88DA-8E09-42FC-BA54-505D9FF58FD0}.Release|Any CPU.Build.0 = Release|Any CPU
	EndGlobalSection
	GlobalSection(SolutionProperties) = preSolution
		HideSolutionNode = FALSE
	EndGlobalSection
	GlobalSection(ExtensibilityGlobals) = postSolution
		SolutionGuid = {9E378399-070E-48F2-BD21-803E75AA1FCA}
	EndGlobalSection
EndGlobal
